Microsoft Visual Studio Solution File, Format Version 12.00
# Visual Studio Version 17
VisualStudioVersion = 17.14.36221.1 d17.14
MinimumVisualStudioVersion = 10.0.40219.1
Project("{FAE04EC0-301F-11D3-BF4B-00C04F79EFBC}") = "TaskMgmtAPI", "src\TaskMgmtAPI.csproj", "{A64C797B-41A1-449D-838D-1F3CA87B7718}"
EndProject
Project("{FAE04EC0-301F-11D3-BF4B-00C04F79EFBC}") = "DAL", "DAL\DAL.csproj", "{5AE8F16E-63D3-42BF-84F8-A291A26B17A3}"
EndProject
Global
	GlobalSection(SolutionConfigurationPlatforms) = preSolution
		Debug|Any CPU = Debug|Any CPU
		Release|Any CPU = Release|Any CPU
	EndGlobalSection
	GlobalSection(ProjectConfigurationPlatforms) = postSolution
		{A64C797B-41A1-449D-838D-1F3CA87B7718}.Debug|Any CPU.ActiveCfg = Debug|Any CPU
		{A64C797B-41A1-449D-838D-1F3CA87B7718}.Debug|Any CPU.Build.0 = Debug|Any CPU
		{A64C797B-41A1-449D-838D-1F3CA87B7718}.Release|Any CPU.ActiveCfg = Release|Any CPU
		{A64C797B-41A1-449D-838D-1F3CA87B7718}.Release|Any CPU.Build.0 = Release|Any CPU
		{5AE8F16E-63D3-42BF-84F8-A291A26B17A3}.Debug|Any CPU.ActiveCfg = Debug|Any CPU
		{5AE8F16E-63D3-42BF-84F8-A291A26B17A3}.Debug|Any CPU.Build.0 = Debug|Any CPU
		{5AE8F16E-63D3-42BF-84F8-A291A26B17A3}.Release|Any CPU.ActiveCfg = Release|Any CPU
		{5AE8F16E-63D3-42BF-84F8-A291A26B17A3}.Release|Any CPU.Build.0 = Release|Any CPU
	EndGlobalSection
	GlobalSection(SolutionProperties) = preSolution
		HideSolutionNode = FALSE
	EndGlobalSection
	GlobalSection(ExtensibilityGlobals) = postSolution
		SolutionGuid = {DE77913E-D0ED-45FE-BAFF-0EA2D0AD3F50}
	EndGlobalSection
EndGlobal
